
Microsoft Visual Studio Solution File, Format Version 12.00
# Visual Studio 15
VisualStudioVersion = 15.0.28010.0
MinimumVisualStudioVersion = 10.0.40219.1
Project("{FAE04EC0-301F-11D3-BF4B-00C04F79EFBC}") = "Xero.TestAutomation", "Xero.TestAutomation\Xero.TestAutomation.csproj", "{2645409D-7F0E-406C-9647-93B9E58D34AA}"
EndProject
Global
	GlobalSection(SolutionConfigurationPlatforms) = preSolution
		Debug|Any CPU = Debug|Any CPU
		Release|Any CPU = Release|Any CPU
	EndGlobalSection
	GlobalSection(ProjectConfigurationPlatforms) = postSolution
		{2645409D-7F0E-406C-9647-93B9E58D34AA}.Debug|Any CPU.ActiveCfg = Debug|Any CPU
		{2645409D-7F0E-406C-9647-93B9E58D34AA}.Debug|Any CPU.Build.0 = Debug|Any CPU
		{2645409D-7F0E-406C-9647-93B9E58D34AA}.Release|Any CPU.ActiveCfg = Release|Any CPU
		{2645409D-7F0E-406C-9647-93B9E58D34AA}.Release|Any CPU.Build.0 = Release|Any CPU
	EndGlobalSection
	GlobalSection(SolutionProperties) = preSolution
		HideSolutionNode = FALSE
	EndGlobalSection
	GlobalSection(ExtensibilityGlobals) = postSolution
		SolutionGuid = {E1745654-5113-4DDC-A0F9-7153B67DA820}
	EndGlobalSection
EndGlobal
